{
  "name": "foldgen",
  "version": "0.1.0",
  "lockfileVersion": 3,
  "requires": true,
  "packages": {
    "": {
      "name": "foldgen",
      "version": "0.1.0",
      "workspaces": [
        "packages/*"
      ],
      "dependencies": {
        "flat-folder": "https://github.com/origamimagiro/flat-folder/archive/e00732c4cf9137f76caea22fd8f284ec23af0aff.tar.gz",
        "fold": "^0.12.0",
        "three": "^0.184.0"
      },
      "engines": {
        "node": ">=22"
      }
    },
    "node_modules/@foldgen/fold-core": {
      "resolved": "packages/fold-core",
      "link": true
    },
    "node_modules/@foldgen/foldgen-agent": {
      "resolved": "packages/foldgen-agent",
      "link": true
    },
    "node_modules/@xmldom/xmldom": {
      "version": "0.9.10",
      "resolved": "https://registry.npmjs.org/@xmldom/xmldom/-/xmldom-0.9.10.tgz",
      "integrity": "sha512-A9gOqLdi6cV4ibazAjcQufGj0B1y/vDqYrcuP6d/6x8P27gRS8643Dj9o1dEKtB6O7fwxb2FgBmJS2mX7gpvdw==",
      "license": "MIT",
      "engines": {
        "node": ">=14.6"
      }
    },
    "node_modules/flat-folder": {
      "resolved": "https://github.com/origamimagiro/flat-folder/archive/e00732c4cf9137f76caea22fd8f284ec23af0aff.tar.gz",
      "integrity": "sha512-bwil0aJ7MuyeUYPoIT6SUGryTJLRNKIZyoP4KA8tWoGf+eC7WFU/G1z4f3DbZupCVrOW5obsAHjwbjN5ArecVg=="
    },
    "node_modules/fold": {
      "version": "0.12.0",
      "resolved": "https://registry.npmjs.org/fold/-/fold-0.12.0.tgz",
      "integrity": "sha512-3dm4p6vIrazZqVxS84OlpJXnf3GoOUzxxXLtQ/VmDW9C0fpdHZsQf3J74DF1mdlrcjSioe7Bt2y+0OALFCfX/A==",
      "license": "MIT",
      "dependencies": {
        "@xmldom/xmldom": "^0.7.2"
      },
      "bin": {
        "fold-convert": "bin/fold-convert.js"
      }
    },
    "node_modules/three": {
      "version": "0.184.0",
      "resolved": "https://registry.npmjs.org/three/-/three-0.184.0.tgz",
      "integrity": "sha512-wtTRjG92pM5eUg/KuUnHsqSAlPM296brTOcLgMRqEeylYTh/CdtvKUvCyyCQTzFuStieWxvZb8mVTMvdPyUpxg==",
      "license": "MIT"
    },
    "packages/fold-core": {
      "name": "@foldgen/fold-core",
      "version": "0.1.0"
    },
    "packages/foldgen-agent": {
      "name": "@foldgen/foldgen-agent",
      "version": "0.1.0",
      "bin": {
        "foldgen-m2-pipeline": "bin/run-pipeline.mjs"
      }
    }
  }
}
